// !$*UTF8*$!
{
	archiveVersion = 1;
	classes = {
	};
	objectVersion = 77;
	objects = {

/* Begin PBXContainerItemProxy section */
		BCF4666B2D0C94A1001709AB /* PBXContainerItemProxy */ = {
			isa = PBXContainerItemProxy;
			containerPortal = BCF4664C2D0C949F001709AB /* Project object */;
			proxyType = 1;
			remoteGlobalIDString = BCF466532D0C949F001709AB;
			remoteInfo = pomodoroApp;
		};
		BCF466752D0C94A1001709AB /* PBXContainerItemProxy */ = {
			isa = PBXContainerItemProxy;
			containerPortal = BCF4664C2D0C949F001709AB /* Project object */;
			proxyType = 1;
			remoteGlobalIDString = BCF466532D0C949F001709AB;
			remoteInfo = pomodoroApp;
		};
/* End PBXContainerItemProxy section */

/* Begin PBXFileReference section */
		BCF466542D0C949F001709AB /* pomodoroApp.app */ = {isa = PBXFileReference; explicitFileType = wrapper.application; includeInIndex = 0; path = pomodoroApp.app; sourceTree = BUILT_PRODUCTS_DIR; };
		BCF4666A2D0C94A1001709AB /* pomodoroAppTests.xctest */ = {isa = PBXFileReference; explicitFileType = wrapper.cfbundle; includeInIndex = 0; path = pomodoroAppTests.xctest; sourceTree = BUILT_PRODUCTS_DIR; };
		BCF466742D0C94A1001709AB /* pomodoroAppUITests.xctest */ = {isa = PBXFileReference; explicitFileType = wrapper.cfbundle; includeInIndex = 0; path = pomodoroAppUITests.xctest; sourceTree = BUILT_PRODUCTS_DIR; };
/* End PBXFileReference section */

/* Begin PBXFileSystemSynchronizedBuildFileExceptionSet section */
		BCF4667C2D0C94A1001709AB /* Exceptions for "pomodoroApp" folder in "pomodoroApp" target */ = {
			isa = PBXFileSystemSynchronizedBuildFileExceptionSet;
			membershipExceptions = (
				Info.plist,
			);
			target = BCF466532D0C949F001709AB /* pomodoroApp */;
		};
/* End PBXFileSystemSynchronizedBuildFileExceptionSet section */

/* Begin PBXFileSystemSynchronizedRootGroup section */
		BCF466562D0C949F001709AB /* pomodoroApp */ = {
			isa = PBXFileSystemSynchronizedRootGroup;
			exceptions = (
				BCF4667C2D0C94A1001709AB /* Exceptions for "pomodoroApp" folder in "pomodoroApp" target */,
			);
			path = pomodoroApp;
			sourceTree = "<group>";
		};
		BCF4666D2D0C94A1001709AB /* pomodoroAppTests */ = {
			isa = PBXFileSystemSynchronizedRootGroup;
			path = pomodoroAppTests;
			sourceTree = "<group>";
		};
		BCF466772D0C94A1001709AB /* pomodoroAppUITests */ = {
			isa = PBXFileSystemSynchronizedRootGroup;
			path = pomodoroAppUITests;
			sourceTree = "<group>";
		};
/* End PBXFileSystemSynchronizedRootGroup section */

/* Begin PBXFrameworksBuildPhase section */
		BCF466512D0C949F001709AB /* Frameworks */ = {
			isa = PBXFrameworksBuildPhase;
			buildActionMask = 2147483647;
			files = (
			);
			runOnlyForDeploymentPostprocessing = 0;
		};
		BCF466672D0C94A1001709AB /* Frameworks */ = {
			isa = PBXFrameworksBuildPhase;
			buildActionMask = 2147483647;
			files = (
			);
			runOnlyForDeploymentPostprocessing = 0;
		};
		BCF466712D0C94A1001709AB /* Frameworks */ = {
			isa = PBXFrameworksBuildPhase;
			buildActionMask = 2147483647;
			files = (
			);
			runOnlyForDeploymentPostprocessing = 0;
		};
/* End PBXFrameworksBuildPhase section */

/* Begin PBXGroup section */
		BCF4664B2D0C949F001709AB = {
			isa = PBXGroup;
			children = (
				BCF466562D0C949F001709AB /* pomodoroApp */,
				BCF4666D2D0C94A1001709AB /* pomodoroAppTests */,
				BCF466772D0C94A1001709AB /* pomodoroAppUITests */,
				BCF466552D0C949F001709AB /* Products */,
			);
			sourceTree = "<group>";
		};
		BCF466552D0C949F001709AB /* Products */ = {
			isa = PBXGroup;
			children = (
				BCF466542D0C949F001709AB /* pomodoroApp.app */,
				BCF4666A2D0C94A1001709AB /* pomodoroAppTests.xctest */,
				BCF466742D0C94A1001709AB /* pomodoroAppUITests.xctest */,
			);
			name = Products;
			sourceTree = "<group>";
		};
/* End PBXGroup section */

/* Begin PBXNativeTarget section */
		BCF466532D0C949F001709AB /* pomodoroApp */ = {
			isa = PBXNativeTarget;
			buildConfigurationList = BCF4667D2D0C94A1001709AB /* Build configuration list for PBXNativeTarget "pomodoroApp" */;
			buildPhases = (
				BCF466502D0C949F001709AB /* Sources */,
				BCF466512D0C949F001709AB /* Frameworks */,
				BCF466522D0C949F001709AB /* Resources */,
			);
			buildRules = (
			);
			dependencies = (
			);
			fileSystemSynchronizedGroups = (
				BCF466562D0C949F001709AB /* pomodoroApp */,
			);
			name = pomodoroApp;
			packageProductDependencies = (
			);
			productName = pomodoroApp;
			productReference = BCF466542D0C949F001709AB /* pomodoroApp.app */;
			productType = "com.apple.product-type.application";
		};
		BCF466692D0C94A1001709AB /* pomodoroAppTests */ = {
			isa = PBXNativeTarget;
			buildConfigurationList = BCF466822D0C94A1001709AB /* Build configuration list for PBXNativeTarget "pomodoroAppTests" */;
			buildPhases = (
				BCF466662D0C94A1001709AB /* Sources */,
				BCF466672D0C94A1001709AB /* Frameworks */,
				BCF466682D0C94A1001709AB /* Resources */,
			);
			buildRules = (
			);
			dependencies = (
				BCF4666C2D0C94A1001709AB /* PBXTargetDependency */,
			);
			fileSystemSynchronizedGroups = (
				BCF4666D2D0C94A1001709AB /* pomodoroAppTests */,
			);
			name = pomodoroAppTests;
			packageProductDependencies = (
			);
			productName = pomodoroAppTests;
			productReference = BCF4666A2D0C94A1001709AB /* pomodoroAppTests.xctest */;
			productType = "com.apple.product-type.bundle.unit-test";
		};
		BCF466732D0C94A1001709AB /* pomodoroAppUITests */ = {
			isa = PBXNativeTarget;
			buildConfigurationList = BCF466852D0C94A1001709AB /* Build configuration list for PBXNativeTarget "pomodoroAppUITests" */;
			buildPhases = (
				BCF466702D0C94A1001709AB /* Sources */,
				BCF466712D0C94A1001709AB /* Frameworks */,
				BCF466722D0C94A1001709AB /* Resources */,
			);
			buildRules = (
			);
			dependencies = (
				BCF466762D0C94A1001709AB /* PBXTargetDependency */,
			);
			fileSystemSynchronizedGroups = (
				BCF466772D0C94A1001709AB /* pomodoroAppUITests */,
			);
			name = pomodoroAppUITests;
			packageProductDependencies = (
			);
			productName = pomodoroAppUITests;
			productReference = BCF466742D0C94A1001709AB /* pomodoroAppUITests.xctest */;
			productType = "com.apple.product-type.bundle.ui-testing";
		};
/* End PBXNativeTarget section */

/* Begin PBXProject section */
		BCF4664C2D0C949F001709AB /* Project object */ = {
			isa = PBXProject;
			attributes = {
				BuildIndependentTargetsInParallel = 1;
				LastSwiftUpdateCheck = 1600;
				LastUpgradeCheck = 1600;
				TargetAttributes = {
					BCF466532D0C949F001709AB = {
						CreatedOnToolsVersion = 16.0;
					};
					BCF466692D0C94A1001709AB = {
						CreatedOnToolsVersion = 16.0;
						TestTargetID = BCF466532D0C949F001709AB;
					};
					BCF466732D0C94A1001709AB = {
						CreatedOnToolsVersion = 16.0;
						TestTargetID = BCF466532D0C949F001709AB;
					};
				};
			};
			buildConfigurationList = BCF4664F2D0C949F001709AB /* Build configuration list for PBXProject "pomodoroApp" */;
			developmentRegion = en;
			hasScannedForEncodings = 0;
			knownRegions = (
				en,
				Base,
			);
			mainGroup = BCF4664B2D0C949F001709AB;
			minimizedProjectReferenceProxies = 1;
			preferredProjectObjectVersion = 77;
			productRefGroup = BCF466552D0C949F001709AB /* Products */;
			projectDirPath = "";
			projectRoot = "";
			targets = (
				BCF466532D0C949F001709AB /* pomodoroApp */,
				BCF466692D0C94A1001709AB /* pomodoroAppTests */,
				BCF466732D0C94A1001709AB /* pomodoroAppUITests */,
			);
		};
/* End PBXProject section */

/* Begin PBXResourcesBuildPhase section */
		BCF466522D0C949F001709AB /* Resources */ = {
			isa = PBXResourcesBuildPhase;
			buildActionMask = 2147483647;
			files = (
			);
			runOnlyForDeploymentPostprocessing = 0;
		};
		BCF466682D0C94A1001709AB /* Resources */ = {
			isa = PBXResourcesBuildPhase;
			buildActionMask = 2147483647;
			files = (
			);
			runOnlyForDeploymentPostprocessing = 0;
		};
		BCF466722D0C94A1001709AB /* Resources */ = {
			isa = PBXResourcesBuildPhase;
			buildActionMask = 2147483647;
			files = (
			);
			runOnlyForDeploymentPostprocessing = 0;
		};
/* End PBXResourcesBuildPhase section */

/* Begin PBXSourcesBuildPhase section */
		BCF466502D0C949F001709AB /* Sources */ = {
			isa = PBXSourcesBuildPhase;
			buildActionMask = 2147483647;
			files = (
			);
			runOnlyForDeploymentPostprocessing = 0;
		};
		BCF466662D0C94A1001709AB /* Sources */ = {
			isa = PBXSourcesBuildPhase;
			buildActionMask = 2147483647;
			files = (
			);
			runOnlyForDeploymentPostprocessing = 0;
		};
		BCF466702D0C94A1001709AB /* Sources */ = {
			isa = PBXSourcesBuildPhase;
			buildActionMask = 2147483647;
			files = (
			);
			runOnlyForDeploymentPostprocessing = 0;
		};
/* End PBXSourcesBuildPhase section */

/* Begin PBXTargetDependency section */
		BCF4666C2D0C94A1001709AB /* PBXTargetDependency */ = {
			isa = PBXTargetDependency;
			target = BCF466532D0C949F001709AB /* pomodoroApp */;
			targetProxy = BCF4666B2D0C94A1001709AB /* PBXContainerItemProxy */;
		};
		BCF466762D0C94A1001709AB /* PBXTargetDependency */ = {
			isa = PBXTargetDependency;
			target = BCF466532D0C949F001709AB /* pomodoroApp */;
			targetProxy = BCF466752D0C94A1001709AB /* PBXContainerItemProxy */;
		};
/* End PBXTargetDependency section */

/* Begin XCBuildConfiguration section */
		BCF4667E2D0C94A1001709AB /* Debug */ = {
			isa = XCBuildConfiguration;
			buildSettings = {
				ASSETCATALOG_COMPILER_APPICON_NAME = AppIcon;
				ASSETCATALOG_COMPILER_GLOBAL_ACCENT_COLOR_NAME = AccentColor;
				CODE_SIGN_STYLE = Automatic;
				CURRENT_PROJECT_VERSION = 1;
				GENERATE_INFOPLIST_FILE = YES;
				INFOPLIST_FILE = pomodoroApp/Info.plist;
				INFOPLIST_KEY_UIApplicationSupportsIndirectInputEvents = YES;
				INFOPLIST_KEY_UILaunchStoryboardName = LaunchScreen;
				INFOPLIST_KEY_UIMainStoryboardFile = Main;
				INFOPLIST_KEY_UISupportedInterfaceOrientations_iPad = "UIInterfaceOrientationPortrait UIInterfaceOrientationPortraitUpsideDown UIInterfaceOrientationLandscapeLeft UIInterfaceOrientationLandscapeRight";
				INFOPLIST_KEY_UISupportedInterfaceOrientations_iPhone = "UIInterfaceOrientationPortrait UIInterfaceOrientationLandscapeLeft UIInterfaceOrientationLandscapeRight";
				LD_RUNPATH_SEARCH_PATHS = (
					"$(inherited)",
					"@executable_path/Frameworks",
				);
				MARKETING_VERSION = 1.0;
				PRODUCT_BUNDLE_IDENTIFIER = com.batuhangursoy.pomodoroApp;
				PRODUCT_NAME = "$(TARGET_NAME)";
				SWIFT_EMIT_LOC_STRINGS = YES;
				SWIFT_VERSION = 5.0;
				TARGETED_DEVICE_FAMILY = "1,2";
			};
			name = Debug;
		};
		BCF4667F2D0C94A1001709AB /* Release */ = {
			isa = XCBuildConfiguration;
			buildSettings = {
				ASSETCATALOG_COMPILER_APPICON_NAME = AppIcon;
				ASSETCATALOG_COMPILER_GLOBAL_ACCENT_COLOR_NAME = AccentColor;
				CODE_SIGN_STYLE = Automatic;
				CURRENT_PROJECT_VERSION = 1;
				GENERATE_INFOPLIST_FILE = YES;
				INFOPLIST_FILE = pomodoroApp/Info.plist;
				INFOPLIST_KEY_UIApplicationSupportsIndirectInputEvents = YES;
				INFOPLIST_KEY_UILaunchStoryboardName = LaunchScreen;
				INFOPLIST_KEY_UIMainStoryboardFile = Main;
				INFOPLIST_KEY_UISupportedInterfaceOrientations_iPad = "UIInterfaceOrientationPortrait UIInterfaceOrientationPortraitUpsideDown UIInterfaceOrientationLandscapeLeft UIInterfaceOrientationLandscapeRight";
				INFOPLIST_KEY_UISupportedInterfaceOrientations_iPhone = "UIInterfaceOrientationPortrait UIInterfaceOrientationLandscapeLeft UIInterfaceOrientationLandscapeRight";
				LD_RUNPATH_SEARCH_PATHS = (
					"$(inherited)",
					"@executable_path/Frameworks",
				);
				MARKETING_VERSION = 1.0;
				PRODUCT_BUNDLE_IDENTIFIER = com.batuhangursoy.pomodoroApp;
				PRODUCT_NAME = "$(TARGET_NAME)";
				SWIFT_EMIT_LOC_STRINGS = YES;
				SWIFT_VERSION = 5.0;
				TARGETED_DEVICE_FAMILY = "1,2";
			};
			name = Release;
		};
		BCF466802D0C94A1001709AB /* Debug */ = {
			isa = XCBuildConfiguration;
			buildSettings = {
				ALWAYS_SEARCH_USER_PATHS = NO;
				ASSETCATALOG_COMPILER_GENERATE_SWIFT_ASSET_SYMBOL_EXTENSIONS = YES;
				CLANG_ANALYZER_NONNULL = YES;
				CLANG_ANALYZER_NUMBER_OBJECT_CONVERSION = YES_AGGRESSIVE;
				CLANG_CXX_LANGUAGE_STANDARD = "gnu++20";
				CLANG_ENABLE_MODULES = YES;
				CLANG_ENABLE_OBJC_ARC = YES;
				CLANG_ENABLE_OBJC_WEAK = YES;
				CLANG_WARN_BLOCK_CAPTURE_AUTORELEASING = YES;
				CLANG_WARN_BOOL_CONVERSION = YES;
				CLANG_WARN_COMMA = YES;
				CLANG_WARN_CONSTANT_CONVERSION = YES;
				CLANG_WARN_DEPRECATED_OBJC_IMPLEMENTATIONS = YES;
				CLANG_WARN_DIRECT_OBJC_ISA_USAGE = YES_ERROR;
				CLANG_WARN_DOCUMENTATION_COMMENTS = YES;
				CLANG_WARN_EMPTY_BODY = YES;
				CLANG_WARN_ENUM_CONVERSION = YES;
				CLANG_WARN_INFINITE_RECURSION = YES;
				CLANG_WARN_INT_CONVERSION = YES;
				CLANG_WARN_NON_LITERAL_NULL_CONVERSION = YES;
				CLANG_WARN_OBJC_IMPLICIT_RETAIN_SELF = YES;
				CLANG_WARN_OBJC_LITERAL_CONVERSION = YES;
				CLANG_WARN_OBJC_ROOT_CLASS = YES_ERROR;
				CLANG_WARN_QUOTED_INCLUDE_IN_FRAMEWORK_HEADER = YES;
				CLANG_WARN_RANGE_LOOP_ANALYSIS = YES;
				CLANG_WARN_STRICT_PROTOTYPES = YES;
				CLANG_WARN_SUSPICIOUS_MOVE = YES;
				CLANG_WARN_UNGUARDED_AVAILABILITY = YES_AGGRESSIVE;
				CLANG_WARN_UNREACHABLE_CODE = YES;
				CLANG_WARN__DUPLICATE_METHOD_MATCH = YES;
				COPY_PHASE_STRIP = NO;
				DEBUG_INFORMATION_FORMAT = dwarf;
				ENABLE_STRICT_OBJC_MSGSEND = YES;
				ENABLE_TESTABILITY = YES;
				ENABLE_USER_SCRIPT_SANDBOXING = YES;
				GCC_C_LANGUAGE_STANDARD = gnu17;
				GCC_DYNAMIC_NO_PIC = NO;
				GCC_NO_COMMON_BLOCKS = YES;
				GCC_OPTIMIZATION_LEVEL = 0;
				GCC_PREPROCESSOR_DEFINITIONS = (
					"DEBUG=1",
					"$(inherited)",
				);
				GCC_WARN_64_TO_32_BIT_CONVERSION = YES;
				GCC_WARN_ABOUT_RETURN_TYPE = YES_ERROR;
				GCC_WARN_UNDECLARED_SELECTOR = YES;
				GCC_WARN_UNINITIALIZED_AUTOS = YES_AGGRESSIVE;
				GCC_WARN_UNUSED_FUNCTION = YES;
				GCC_WARN_UNUSED_VARIABLE = YES;
				IPHONEOS_DEPLOYMENT_TARGET = 18.0;
				LOCALIZATION_PREFERS_STRING_CATALOGS = YES;
				MTL_ENABLE_DEBUG_INFO = INCLUDE_SOURCE;
				MTL_FAST_MATH = YES;
				ONLY_ACTIVE_ARCH = YES;
				SDKROOT = iphoneos;
				SWIFT_ACTIVE_COMPILATION_CONDITIONS = "DEBUG $(inherited)";
				SWIFT_OPTIMIZATION_LEVEL = "-Onone";
			};
			name = Debug;
		};
		BCF466812D0C94A1001709AB /* Release */ = {
			isa = XCBuildConfiguration;
			buildSettings = {
				ALWAYS_SEARCH_USER_PATHS = NO;
				ASSETCATALOG_COMPILER_GENERATE_SWIFT_ASSET_SYMBOL_EXTENSIONS = YES;
				CLANG_ANALYZER_NONNULL = YES;
				CLANG_ANALYZER_NUMBER_OBJECT_CONVERSION = YES_AGGRESSIVE;
				CLANG_CXX_LANGUAGE_STANDARD = "gnu++20";
				CLANG_ENABLE_MODULES = YES;
				CLANG_ENABLE_OBJC_ARC = YES;
				CLANG_ENABLE_OBJC_WEAK = YES;
				CLANG_WARN_BLOCK_CAPTURE_AUTORELEASING = YES;
				CLANG_WARN_BOOL_CONVERSION = YES;
				CLANG_WARN_COMMA = YES;
				CLANG_WARN_CONSTANT_CONVERSION = YES;
				CLANG_WARN_DEPRECATED_OBJC_IMPLEMENTATIONS = YES;
				CLANG_WARN_DIRECT_OBJC_ISA_USAGE = YES_ERROR;
				CLANG_WARN_DOCUMENTATION_COMMENTS = YES;
				CLANG_WARN_EMPTY_BODY = YES;
				CLANG_WARN_ENUM_CONVERSION = YES;
				CLANG_WARN_INFINITE_RECURSION = YES;
				CLANG_WARN_INT_CONVERSION = YES;
				CLANG_WARN_NON_LITERAL_NULL_CONVERSION = YES;
				CLANG_WARN_OBJC_IMPLICIT_RETAIN_SELF = YES;
				CLANG_WARN_OBJC_LITERAL_CONVERSION = YES;
				CLANG_WARN_OBJC_ROOT_CLASS = YES_ERROR;
				CLANG_WARN_QUOTED_INCLUDE_IN_FRAMEWORK_HEADER = YES;
				CLANG_WARN_RANGE_LOOP_ANALYSIS = YES;
				CLANG_WARN_STRICT_PROTOTYPES = YES;
				CLANG_WARN_SUSPICIOUS_MOVE = YES;
				CLANG_WARN_UNGUARDED_AVAILABILITY = YES_AGGRESSIVE;
				CLANG_WARN_UNREACHABLE_CODE = YES;
				CLANG_WARN__DUPLICATE_METHOD_MATCH = YES;
				COPY_PHASE_STRIP = NO;
				DEBUG_INFORMATION_FORMAT = "dwarf-with-dsym";
				ENABLE_NS_ASSERTIONS = NO;
				ENABLE_STRICT_OBJC_MSGSEND = YES;
				ENABLE_USER_SCRIPT_SANDBOXING = YES;
				GCC_C_LANGUAGE_STANDARD = gnu17;
				GCC_NO_COMMON_BLOCKS = YES;
				GCC_WARN_64_TO_32_BIT_CONVERSION = YES;
				GCC_WARN_ABOUT_RETURN_TYPE = YES_ERROR;
				GCC_WARN_UNDECLARED_SELECTOR = YES;
				GCC_WARN_UNINITIALIZED_AUTOS = YES_AGGRESSIVE;
				GCC_WARN_UNUSED_FUNCTION = YES;
				GCC_WARN_UNUSED_VARIABLE = YES;
				IPHONEOS_DEPLOYMENT_TARGET = 18.0;
				LOCALIZATION_PREFERS_STRING_CATALOGS = YES;
				MTL_ENABLE_DEBUG_INFO = NO;
				MTL_FAST_MATH = YES;
				SDKROOT = iphoneos;
				SWIFT_COMPILATION_MODE = wholemodule;
				VALIDATE_PRODUCT = YES;
			};
			name = Release;
		};
		BCF466832D0C94A1001709AB /* Debug */ = {
			isa = XCBuildConfiguration;
			buildSettings = {
				BUNDLE_LOADER = "$(TEST_HOST)";
				CODE_SIGN_STYLE = Automatic;
				CURRENT_PROJECT_VERSION = 1;
				GENERATE_INFOPLIST_FILE = YES;
				IPHONEOS_DEPLOYMENT_TARGET = 18.0;
				MARKETING_VERSION = 1.0;
				PRODUCT_BUNDLE_IDENTIFIER = com.batuhangursoy.pomodoroAppTests;
				PRODUCT_NAME = "$(TARGET_NAME)";
				SWIFT_EMIT_LOC_STRINGS = NO;
				SWIFT_VERSION = 5.0;
				TARGETED_DEVICE_FAMILY = "1,2";
				TEST_HOST = "$(BUILT_PRODUCTS_DIR)/pomodoroApp.app/$(BUNDLE_EXECUTABLE_FOLDER_PATH)/pomodoroApp";
			};
			name = Debug;
		};
		BCF466842D0C94A1001709AB /* Release */ = {
			isa = XCBuildConfiguration;
			buildSettings = {
				BUNDLE_LOADER = "$(TEST_HOST)";
				CODE_SIGN_STYLE = Automatic;
				CURRENT_PROJECT_VERSION = 1;
				GENERATE_INFOPLIST_FILE = YES;
				IPHONEOS_DEPLOYMENT_TARGET = 18.0;
				MARKETING_VERSION = 1.0;
				PRODUCT_BUNDLE_IDENTIFIER = com.batuhangursoy.pomodoroAppTests;
				PRODUCT_NAME = "$(TARGET_NAME)";
				SWIFT_EMIT_LOC_STRINGS = NO;
				SWIFT_VERSION = 5.0;
				TARGETED_DEVICE_FAMILY = "1,2";
				TEST_HOST = "$(BUILT_PRODUCTS_DIR)/pomodoroApp.app/$(BUNDLE_EXECUTABLE_FOLDER_PATH)/pomodoroApp";
			};
			name = Release;
		};
		BCF466862D0C94A1001709AB /* Debug */ = {
			isa = XCBuildConfiguration;
			buildSettings = {
				CODE_SIGN_STYLE = Automatic;
				CURRENT_PROJECT_VERSION = 1;
				GENERATE_INFOPLIST_FILE = YES;
				MARKETING_VERSION = 1.0;
				PRODUCT_BUNDLE_IDENTIFIER = com.batuhangursoy.pomodoroAppUITests;
				PRODUCT_NAME = "$(TARGET_NAME)";
				SWIFT_EMIT_LOC_STRINGS = NO;
				SWIFT_VERSION = 5.0;
				TARGETED_DEVICE_FAMILY = "1,2";
				TEST_TARGET_NAME = pomodoroApp;
			};
			name = Debug;
		};
		BCF466872D0C94A1001709AB /* Release */ = {
			isa = XCBuildConfiguration;
			buildSettings = {
				CODE_SIGN_STYLE = Automatic;
				CURRENT_PROJECT_VERSION = 1;
				GENERATE_INFOPLIST_FILE = YES;
				MARKETING_VERSION = 1.0;
				PRODUCT_BUNDLE_IDENTIFIER = com.batuhangursoy.pomodoroAppUITests;
				PRODUCT_NAME = "$(TARGET_NAME)";
				SWIFT_EMIT_LOC_STRINGS = NO;
				SWIFT_VERSION = 5.0;
				TARGETED_DEVICE_FAMILY = "1,2";
				TEST_TARGET_NAME = pomodoroApp;
			};
			name = Release;
		};
/* End XCBuildConfiguration section */

/* Begin XCConfigurationList section */
		BCF4664F2D0C949F001709AB /* Build configuration list for PBXProject "pomodoroApp" */ = {
			isa = XCConfigurationList;
			buildConfigurations = (
				BCF466802D0C94A1001709AB /* Debug */,
				BCF466812D0C94A1001709AB /* Release */,
			);
			defaultConfigurationIsVisible = 0;
			defaultConfigurationName = Release;
		};
		BCF4667D2D0C94A1001709AB /* Build configuration list for PBXNativeTarget "pomodoroApp" */ = {
			isa = XCConfigurationList;
			buildConfigurations = (
				BCF4667E2D0C94A1001709AB /* Debug */,
				BCF4667F2D0C94A1001709AB /* Release */,
			);
			defaultConfigurationIsVisible = 0;
			defaultConfigurationName = Release;
		};
		BCF466822D0C94A1001709AB /* Build configuration list for PBXNativeTarget "pomodoroAppTests" */ = {
			isa = XCConfigurationList;
			buildConfigurations = (
				BCF466832D0C94A1001709AB /* Debug */,
				BCF466842D0C94A1001709AB /* Release */,
			);
			defaultConfigurationIsVisible = 0;
			defaultConfigurationName = Release;
		};
		BCF466852D0C94A1001709AB /* Build configuration list for PBXNativeTarget "pomodoroAppUITests" */ = {
			isa = XCConfigurationList;
			buildConfigurations = (
				BCF466862D0C94A1001709AB /* Debug */,
				BCF466872D0C94A1001709AB /* Release */,
			);
			defaultConfigurationIsVisible = 0;
			defaultConfigurationName = Release;
		};
/* End XCConfigurationList section */
	};
	rootObject = BCF4664C2D0C949F001709AB /* Project object */;
}
